
Microsoft Visual Studio Solution File, Format Version 12.00
# Visual Studio Version 17
VisualStudioVersion = 17.12.35707.178 d17.12
MinimumVisualStudioVersion = 10.0.40219.1
Project("{FAE04EC0-301F-11D3-BF4B-00C04F79EFBC}") = "SolidEdge.Community", "SolidEdge.Community\SolidEdge.Community.csproj", "{61C909F9-A31E-417F-B8AE-D7E134D0E71D}"
EndProject
Project("{FAE04EC0-301F-11D3-BF4B-00C04F79EFBC}") = "Interop.SolidEdge", "Interop.SolidEdge\Interop.SolidEdge.csproj", "{2E3555E4-1E73-43D0-961F-9F60A8D9C0E9}"
EndProject
Global
	GlobalSection(SolutionConfigurationPlatforms) = preSolution
		Debug|Any CPU = Debug|Any CPU
		Release|Any CPU = Release|Any CPU
	EndGlobalSection
	GlobalSection(ProjectConfigurationPlatforms) = postSolution
		{61C909F9-A31E-417F-B8AE-D7E134D0E71D}.Debug|Any CPU.ActiveCfg = Debug|Any CPU
		{61C909F9-A31E-417F-B8AE-D7E134D0E71D}.Debug|Any CPU.Build.0 = Debug|Any CPU
		{61C909F9-A31E-417F-B8AE-D7E134D0E71D}.Release|Any CPU.ActiveCfg = Release|Any CPU
		{61C909F9-A31E-417F-B8AE-D7E134D0E71D}.Release|Any CPU.Build.0 = Release|Any CPU
		{2E3555E4-1E73-43D0-961F-9F60A8D9C0E9}.Debug|Any CPU.ActiveCfg = Debug|Any CPU
		{2E3555E4-1E73-43D0-961F-9F60A8D9C0E9}.Debug|Any CPU.Build.0 = Debug|Any CPU
		{2E3555E4-1E73-43D0-961F-9F60A8D9C0E9}.Release|Any CPU.ActiveCfg = Release|Any CPU
		{2E3555E4-1E73-43D0-961F-9F60A8D9C0E9}.Release|Any CPU.Build.0 = Release|Any CPU
	EndGlobalSection
	GlobalSection(SolutionProperties) = preSolution
		HideSolutionNode = FALSE
	EndGlobalSection
EndGlobal
